
Microsoft Visual Studio Solution File, Format Version 12.00
# Visual Studio Version 16
VisualStudioVersion = 16.0.30611.23
MinimumVisualStudioVersion = 10.0.40219.1
Project("{FAE04EC0-301F-11D3-BF4B-00C04F79EFBC}") = "Circuit", "Circuit\Circuit.csproj", "{5E788E8B-995B-4B54-B3A9-040D65D5509A}"
EndProject
Project("{FAE04EC0-301F-11D3-BF4B-00C04F79EFBC}") = "LiveSPICE", "LiveSPICE\LiveSPICE.csproj", "{CB1CDB4D-01FE-4ACF-BE67-C99516FF15BD}"
EndProject
Project("{FAE04EC0-301F-11D3-BF4B-00C04F79EFBC}") = "Audio", "Audio\Audio.csproj", "{F53399E8-B038-4111-B89D-F5C4AB0CCB14}"
EndProject
Project("{FAE04EC0-301F-11D3-BF4B-00C04F79EFBC}") = "ComputerAlgebra", "ComputerAlgebra\ComputerAlgebra\ComputerAlgebra.csproj", "{2877C441-FD0B-4441-A469-E677003EE35A}"
EndProject
Project("{FAE04EC0-301F-11D3-BF4B-00C04F79EFBC}") = "Tests", "Tests\Tests.csproj", "{3D4B39FD-06B8-4062-AE0E-1ABA9001A546}"
EndProject
Project("{FAE04EC0-301F-11D3-BF4B-00C04F79EFBC}") = "Asio", "Asio\Asio.csproj", "{CF21310E-204B-4E9D-A6DE-AD511B3F3013}"
EndProject
Project("{FAE04EC0-301F-11D3-BF4B-00C04F79EFBC}") = "Util", "Util\Util.csproj", "{0A3DB5CB-3C02-4779-B73A-927D2E1EBE54}"
EndProject
Project("{FAE04EC0-301F-11D3-BF4B-00C04F79EFBC}") = "WaveAudio", "WaveAudio\WaveAudio.csproj", "{8190C5B2-71F3-4074-8FB8-3E53E7B28675}"
EndProject
Global
	GlobalSection(SolutionConfigurationPlatforms) = preSolution
		Debug|Any CPU = Debug|Any CPU
		Release|Any CPU = Release|Any CPU
	EndGlobalSection
	GlobalSection(ProjectConfigurationPlatforms) = postSolution
		{5E788E8B-995B-4B54-B3A9-040D65D5509A}.Debug|Any CPU.ActiveCfg = Debug|Any CPU
		{5E788E8B-995B-4B54-B3A9-040D65D5509A}.Debug|Any CPU.Build.0 = Debug|Any CPU
		{5E788E8B-995B-4B54-B3A9-040D65D5509A}.Release|Any CPU.ActiveCfg = Release|Any CPU
		{5E788E8B-995B-4B54-B3A9-040D65D5509A}.Release|Any CPU.Build.0 = Release|Any CPU
		{CB1CDB4D-01FE-4ACF-BE67-C99516FF15BD}.Debug|Any CPU.ActiveCfg = Debug|Any CPU
		{CB1CDB4D-01FE-4ACF-BE67-C99516FF15BD}.Debug|Any CPU.Build.0 = Debug|Any CPU
		{CB1CDB4D-01FE-4ACF-BE67-C99516FF15BD}.Release|Any CPU.ActiveCfg = Release|Any CPU
		{CB1CDB4D-01FE-4ACF-BE67-C99516FF15BD}.Release|Any CPU.Build.0 = Release|Any CPU
		{F53399E8-B038-4111-B89D-F5C4AB0CCB14}.Debug|Any CPU.ActiveCfg = Debug|Any CPU
		{F53399E8-B038-4111-B89D-F5C4AB0CCB14}.Debug|Any CPU.Build.0 = Debug|Any CPU
		{F53399E8-B038-4111-B89D-F5C4AB0CCB14}.Release|Any CPU.ActiveCfg = Release|Any CPU
		{F53399E8-B038-4111-B89D-F5C4AB0CCB14}.Release|Any CPU.Build.0 = Release|Any CPU
		{2877C441-FD0B-4441-A469-E677003EE35A}.Debug|Any CPU.ActiveCfg = Debug|Any CPU
		{2877C441-FD0B-4441-A469-E677003EE35A}.Debug|Any CPU.Build.0 = Debug|Any CPU
		{2877C441-FD0B-4441-A469-E677003EE35A}.Release|Any CPU.ActiveCfg = Release|Any CPU
		{2877C441-FD0B-4441-A469-E677003EE35A}.Release|Any CPU.Build.0 = Release|Any CPU
		{3D4B39FD-06B8-4062-AE0E-1ABA9001A546}.Debug|Any CPU.ActiveCfg = Debug|x86
		{3D4B39FD-06B8-4062-AE0E-1ABA9001A546}.Release|Any CPU.ActiveCfg = Release|x86
		{3D4B39FD-06B8-4062-AE0E-1ABA9001A546}.Release|Any CPU.Build.0 = Release|x86
		{CF21310E-204B-4E9D-A6DE-AD511B3F3013}.Debug|Any CPU.ActiveCfg = Debug|Any CPU
		{CF21310E-204B-4E9D-A6DE-AD511B3F3013}.Debug|Any CPU.Build.0 = Debug|Any CPU
		{CF21310E-204B-4E9D-A6DE-AD511B3F3013}.Release|Any CPU.ActiveCfg = Release|Any CPU
		{CF21310E-204B-4E9D-A6DE-AD511B3F3013}.Release|Any CPU.Build.0 = Release|Any CPU
		{0A3DB5CB-3C02-4779-B73A-927D2E1EBE54}.Debug|Any CPU.ActiveCfg = Debug|Any CPU
		{0A3DB5CB-3C02-4779-B73A-927D2E1EBE54}.Debug|Any CPU.Build.0 = Debug|Any CPU
		{0A3DB5CB-3C02-4779-B73A-927D2E1EBE54}.Release|Any CPU.ActiveCfg = Release|Any CPU
		{0A3DB5CB-3C02-4779-B73A-927D2E1EBE54}.Release|Any CPU.Build.0 = Release|Any CPU
		{8190C5B2-71F3-4074-8FB8-3E53E7B28675}.Debug|Any CPU.ActiveCfg = Debug|Any CPU
		{8190C5B2-71F3-4074-8FB8-3E53E7B28675}.Debug|Any CPU.Build.0 = Debug|Any CPU
		{8190C5B2-71F3-4074-8FB8-3E53E7B28675}.Release|Any CPU.ActiveCfg = Release|Any CPU
		{8190C5B2-71F3-4074-8FB8-3E53E7B28675}.Release|Any CPU.Build.0 = Release|Any CPU
	EndGlobalSection
	GlobalSection(SolutionProperties) = preSolution
		HideSolutionNode = FALSE
	EndGlobalSection
	GlobalSection(ExtensibilityGlobals) = postSolution
		SolutionGuid = {8E85933D-DC60-4652-9582-25A13473BFDB}
	EndGlobalSection
EndGlobal
