
Microsoft Visual Studio Solution File, Format Version 12.00
# Visual Studio Version 17
VisualStudioVersion = 17.0.31521.260
MinimumVisualStudioVersion = 10.0.40219.1
Project("{9A19103F-16F7-4668-BE54-9A1E7A4F7556}") = "Circuit", "Circuit\Circuit.csproj", "{5E788E8B-995B-4B54-B3A9-040D65D5509A}"
EndProject
Project("{9A19103F-16F7-4668-BE54-9A1E7A4F7556}") = "LiveSPICE", "LiveSPICE\LiveSPICE.csproj", "{CB1CDB4D-01FE-4ACF-BE67-C99516FF15BD}"
EndProject
Project("{9A19103F-16F7-4668-BE54-9A1E7A4F7556}") = "Audio", "Audio\Audio.csproj", "{F53399E8-B038-4111-B89D-F5C4AB0CCB14}"
EndProject
Project("{9A19103F-16F7-4668-BE54-9A1E7A4F7556}") = "ComputerAlgebra", "ComputerAlgebra\ComputerAlgebra\ComputerAlgebra.csproj", "{2877C441-FD0B-4441-A469-E677003EE35A}"
EndProject
Project("{9A19103F-16F7-4668-BE54-9A1E7A4F7556}") = "Tests", "Tests\Tests.csproj", "{3D4B39FD-06B8-4062-AE0E-1ABA9001A546}"
EndProject
Project("{9A19103F-16F7-4668-BE54-9A1E7A4F7556}") = "Asio", "Asio\Asio.csproj", "{CF21310E-204B-4E9D-A6DE-AD511B3F3013}"
EndProject
Project("{9A19103F-16F7-4668-BE54-9A1E7A4F7556}") = "Util", "Util\Util.csproj", "{0A3DB5CB-3C02-4779-B73A-927D2E1EBE54}"
EndProject
Project("{9A19103F-16F7-4668-BE54-9A1E7A4F7556}") = "WaveAudio", "WaveAudio\WaveAudio.csproj", "{8190C5B2-71F3-4074-8FB8-3E53E7B28675}"
EndProject
Project("{9A19103F-16F7-4668-BE54-9A1E7A4F7556}") = "SchematicControls", "SchematicControls\SchematicControls.csproj", "{489DE6F5-C984-46B0-A4FB-997649231224}"
EndProject
Project("{9A19103F-16F7-4668-BE54-9A1E7A4F7556}") = "LiveSPICEVst", "LiveSPICEVst\LiveSPICEVst.csproj", "{5278D253-919C-4BB3-ABA7-B945326D33A7}"
EndProject
Project("{9A19103F-16F7-4668-BE54-9A1E7A4F7556}") = "MockVst", "MockVst\MockVst.csproj", "{AD8DCC49-44C5-4E36-8F06-F100C5A7BAD4}"
EndProject
Project("{2150E333-8FDC-42A3-9474-1A3956D46DE8}") = "LiveSPICEVst", "LiveSPICEVst", "{6DD7DA6B-5277-45C3-ACBD-8306D27528D0}"
EndProject
Project("{9A19103F-16F7-4668-BE54-9A1E7A4F7556}") = "Benchmarks", "Benchmarks\Benchmarks.csproj", "{ECCE5E4E-730F-4A2D-A772-3AC922D9ACD2}"
EndProject
Project("{2150E333-8FDC-42A3-9474-1A3956D46DE8}") = "Solution Items", "Solution Items", "{04388F7E-6B22-489C-A791-6B10372D8862}"
	ProjectSection(SolutionItems) = preProject
		.github\workflows\release.yml = .github\workflows\release.yml
		.github\workflows\snapshot.yml = .github\workflows\snapshot.yml
		.github\workflows\test.yml = .github\workflows\test.yml
	EndProjectSection
EndProject
Global
	GlobalSection(SolutionConfigurationPlatforms) = preSolution
		Debug|Any CPU = Debug|Any CPU
		Release|Any CPU = Release|Any CPU
	EndGlobalSection
	GlobalSection(ProjectConfigurationPlatforms) = postSolution
		{5E788E8B-995B-4B54-B3A9-040D65D5509A}.Debug|Any CPU.ActiveCfg = Debug|Any CPU
		{5E788E8B-995B-4B54-B3A9-040D65D5509A}.Debug|Any CPU.Build.0 = Debug|Any CPU
		{5E788E8B-995B-4B54-B3A9-040D65D5509A}.Release|Any CPU.ActiveCfg = Release|Any CPU
		{5E788E8B-995B-4B54-B3A9-040D65D5509A}.Release|Any CPU.Build.0 = Release|Any CPU
		{CB1CDB4D-01FE-4ACF-BE67-C99516FF15BD}.Debug|Any CPU.ActiveCfg = Debug|Any CPU
		{CB1CDB4D-01FE-4ACF-BE67-C99516FF15BD}.Debug|Any CPU.Build.0 = Debug|Any CPU
		{CB1CDB4D-01FE-4ACF-BE67-C99516FF15BD}.Release|Any CPU.ActiveCfg = Release|Any CPU
		{CB1CDB4D-01FE-4ACF-BE67-C99516FF15BD}.Release|Any CPU.Build.0 = Release|Any CPU
		{F53399E8-B038-4111-B89D-F5C4AB0CCB14}.Debug|Any CPU.ActiveCfg = Debug|Any CPU
		{F53399E8-B038-4111-B89D-F5C4AB0CCB14}.Debug|Any CPU.Build.0 = Debug|Any CPU
		{F53399E8-B038-4111-B89D-F5C4AB0CCB14}.Release|Any CPU.ActiveCfg = Release|Any CPU
		{F53399E8-B038-4111-B89D-F5C4AB0CCB14}.Release|Any CPU.Build.0 = Release|Any CPU
		{2877C441-FD0B-4441-A469-E677003EE35A}.Debug|Any CPU.ActiveCfg = Debug|Any CPU
		{2877C441-FD0B-4441-A469-E677003EE35A}.Debug|Any CPU.Build.0 = Debug|Any CPU
		{2877C441-FD0B-4441-A469-E677003EE35A}.Release|Any CPU.ActiveCfg = Release|Any CPU
		{2877C441-FD0B-4441-A469-E677003EE35A}.Release|Any CPU.Build.0 = Release|Any CPU
		{3D4B39FD-06B8-4062-AE0E-1ABA9001A546}.Debug|Any CPU.ActiveCfg = Debug|Any CPU
		{3D4B39FD-06B8-4062-AE0E-1ABA9001A546}.Debug|Any CPU.Build.0 = Debug|Any CPU
		{3D4B39FD-06B8-4062-AE0E-1ABA9001A546}.Release|Any CPU.ActiveCfg = Release|Any CPU
		{3D4B39FD-06B8-4062-AE0E-1ABA9001A546}.Release|Any CPU.Build.0 = Release|Any CPU
		{CF21310E-204B-4E9D-A6DE-AD511B3F3013}.Debug|Any CPU.ActiveCfg = Debug|Any CPU
		{CF21310E-204B-4E9D-A6DE-AD511B3F3013}.Debug|Any CPU.Build.0 = Debug|Any CPU
		{CF21310E-204B-4E9D-A6DE-AD511B3F3013}.Release|Any CPU.ActiveCfg = Release|Any CPU
		{CF21310E-204B-4E9D-A6DE-AD511B3F3013}.Release|Any CPU.Build.0 = Release|Any CPU
		{0A3DB5CB-3C02-4779-B73A-927D2E1EBE54}.Debug|Any CPU.ActiveCfg = Debug|Any CPU
		{0A3DB5CB-3C02-4779-B73A-927D2E1EBE54}.Debug|Any CPU.Build.0 = Debug|Any CPU
		{0A3DB5CB-3C02-4779-B73A-927D2E1EBE54}.Release|Any CPU.ActiveCfg = Release|Any CPU
		{0A3DB5CB-3C02-4779-B73A-927D2E1EBE54}.Release|Any CPU.Build.0 = Release|Any CPU
		{8190C5B2-71F3-4074-8FB8-3E53E7B28675}.Debug|Any CPU.ActiveCfg = Debug|Any CPU
		{8190C5B2-71F3-4074-8FB8-3E53E7B28675}.Debug|Any CPU.Build.0 = Debug|Any CPU
		{8190C5B2-71F3-4074-8FB8-3E53E7B28675}.Release|Any CPU.ActiveCfg = Release|Any CPU
		{8190C5B2-71F3-4074-8FB8-3E53E7B28675}.Release|Any CPU.Build.0 = Release|Any CPU
		{489DE6F5-C984-46B0-A4FB-997649231224}.Debug|Any CPU.ActiveCfg = Debug|Any CPU
		{489DE6F5-C984-46B0-A4FB-997649231224}.Debug|Any CPU.Build.0 = Debug|Any CPU
		{489DE6F5-C984-46B0-A4FB-997649231224}.Release|Any CPU.ActiveCfg = Release|Any CPU
		{489DE6F5-C984-46B0-A4FB-997649231224}.Release|Any CPU.Build.0 = Release|Any CPU
		{5278D253-919C-4BB3-ABA7-B945326D33A7}.Debug|Any CPU.ActiveCfg = Debug|Any CPU
		{5278D253-919C-4BB3-ABA7-B945326D33A7}.Debug|Any CPU.Build.0 = Debug|Any CPU
		{5278D253-919C-4BB3-ABA7-B945326D33A7}.Release|Any CPU.ActiveCfg = Release|Any CPU
		{5278D253-919C-4BB3-ABA7-B945326D33A7}.Release|Any CPU.Build.0 = Release|Any CPU
		{AD8DCC49-44C5-4E36-8F06-F100C5A7BAD4}.Debug|Any CPU.ActiveCfg = Debug|Any CPU
		{AD8DCC49-44C5-4E36-8F06-F100C5A7BAD4}.Debug|Any CPU.Build.0 = Debug|Any CPU
		{AD8DCC49-44C5-4E36-8F06-F100C5A7BAD4}.Release|Any CPU.ActiveCfg = Release|Any CPU
		{AD8DCC49-44C5-4E36-8F06-F100C5A7BAD4}.Release|Any CPU.Build.0 = Release|Any CPU
		{ECCE5E4E-730F-4A2D-A772-3AC922D9ACD2}.Debug|Any CPU.ActiveCfg = Debug|Any CPU
		{ECCE5E4E-730F-4A2D-A772-3AC922D9ACD2}.Debug|Any CPU.Build.0 = Debug|Any CPU
		{ECCE5E4E-730F-4A2D-A772-3AC922D9ACD2}.Release|Any CPU.ActiveCfg = Release|Any CPU
		{ECCE5E4E-730F-4A2D-A772-3AC922D9ACD2}.Release|Any CPU.Build.0 = Release|Any CPU
	EndGlobalSection
	GlobalSection(SolutionProperties) = preSolution
		HideSolutionNode = FALSE
	EndGlobalSection
	GlobalSection(NestedProjects) = preSolution
		{5278D253-919C-4BB3-ABA7-B945326D33A7} = {6DD7DA6B-5277-45C3-ACBD-8306D27528D0}
		{AD8DCC49-44C5-4E36-8F06-F100C5A7BAD4} = {6DD7DA6B-5277-45C3-ACBD-8306D27528D0}
	EndGlobalSection
	GlobalSection(ExtensibilityGlobals) = postSolution
		SolutionGuid = {8E85933D-DC60-4652-9582-25A13473BFDB}
	EndGlobalSection
EndGlobal
